// !$*UTF8*$!
{
	archiveVersion = 1;
	classes = {
	};
	objectVersion = 52;
	objects = {

/* Begin PBXAggregateTarget section */
		CD7427B925CC9AB50046B395 /* Aggregate */ = {
			isa = PBXAggregateTarget;
			buildConfigurationList = CD7427BA25CC9AB50046B395 /* Build configuration list for PBXAggregateTarget "Aggregate" */;
			buildPhases = (
				CD7427C625CC9B2F0046B395 /* ShellScript */,
			);
			dependencies = (
			);
			name = Aggregate;
			productName = Aggregate;
		};
/* End PBXAggregateTarget section */

/* Begin PBXBuildFile section */
		46858C21B9A50C1669C04E51 /* Pods_newUmbrella.framework in Frameworks */ = {isa = PBXBuildFile; fileRef = BC370B7B6E877C90DDE79097 /* Pods_newUmbrella.framework */; };
		CD7427B225CC9AA40046B395 /* newUmbrella.h in Headers */ = {isa = PBXBuildFile; fileRef = CD7427B025CC9AA40046B395 /* newUmbrella.h */; settings = {ATTRIBUTES = (Public, ); }; };
		CD7427CF25CC9CA60046B395 /* HelloUmbrella.swift in Sources */ = {isa = PBXBuildFile; fileRef = CD7427CE25CC9CA60046B395 /* HelloUmbrella.swift */; };
		CD7427D925CC9FAA0046B395 /* newSubframework.framework in Frameworks */ = {isa = PBXBuildFile; fileRef = CD7427D825CC9FAA0046B395 /* newSubframework.framework */; platformFilter = ios; };
		CD7427DA25CC9FB00046B395 /* newSubframework.framework in Resources */ = {isa = PBXBuildFile; fileRef = CD7427D825CC9FAA0046B395 /* newSubframework.framework */; platformFilter = ios; };
		CD7427DC25CC9FBD0046B395 /* newSubframework.framework in CopyFiles */ = {isa = PBXBuildFile; fileRef = CD7427D825CC9FAA0046B395 /* newSubframework.framework */; platformFilter = ios; settings = {ATTRIBUTES = (CodeSignOnCopy, RemoveHeadersOnCopy, ); }; };
/* End PBXBuildFile section */

/* Begin PBXCopyFilesBuildPhase section */
		CD7427DB25CC9FB40046B395 /* CopyFiles */ = {
			isa = PBXCopyFilesBuildPhase;
			buildActionMask = 2147483647;
			dstPath = "";
			dstSubfolderSpec = 10;
			files = (
				CD7427DC25CC9FBD0046B395 /* newSubframework.framework in CopyFiles */,
			);
			runOnlyForDeploymentPostprocessing = 0;
		};
/* End PBXCopyFilesBuildPhase section */

/* Begin PBXFileReference section */
		521D05CCDDDA1C57A80C7FE4 /* Pods-newUmbrella.debug.xcconfig */ = {isa = PBXFileReference; includeInIndex = 1; lastKnownFileType = text.xcconfig; name = "Pods-newUmbrella.debug.xcconfig"; path = "Target Support Files/Pods-newUmbrella/Pods-newUmbrella.debug.xcconfig"; sourceTree = "<group>"; };
		BC370B7B6E877C90DDE79097 /* Pods_newUmbrella.framework */ = {isa = PBXFileReference; explicitFileType = wrapper.framework; includeInIndex = 0; path = Pods_newUmbrella.framework; sourceTree = BUILT_PRODUCTS_DIR; };
		CD7427AD25CC9AA40046B395 /* newUmbrella.framework */ = {isa = PBXFileReference; explicitFileType = wrapper.framework; includeInIndex = 0; path = newUmbrella.framework; sourceTree = BUILT_PRODUCTS_DIR; };
		CD7427B025CC9AA40046B395 /* newUmbrella.h */ = {isa = PBXFileReference; lastKnownFileType = sourcecode.c.h; path = newUmbrella.h; sourceTree = "<group>"; };
		CD7427B125CC9AA40046B395 /* Info.plist */ = {isa = PBXFileReference; lastKnownFileType = text.plist.xml; path = Info.plist; sourceTree = "<group>"; };
		CD7427CE25CC9CA60046B395 /* HelloUmbrella.swift */ = {isa = PBXFileReference; lastKnownFileType = sourcecode.swift; path = HelloUmbrella.swift; sourceTree = "<group>"; };
		CD7427D825CC9FAA0046B395 /* newSubframework.framework */ = {isa = PBXFileReference; lastKnownFileType = wrapper.framework; path = newSubframework.framework; sourceTree = "<group>"; };
		D595E03CD30922682A0E746A /* Pods-newUmbrella.release.xcconfig */ = {isa = PBXFileReference; includeInIndex = 1; lastKnownFileType = text.xcconfig; name = "Pods-newUmbrella.release.xcconfig"; path = "Target Support Files/Pods-newUmbrella/Pods-newUmbrella.release.xcconfig"; sourceTree = "<group>"; };
/* End PBXFileReference section */

/* Begin PBXFrameworksBuildPhase section */
		CD7427AA25CC9AA40046B395 /* Frameworks */ = {
			isa = PBXFrameworksBuildPhase;
			buildActionMask = 2147483647;
			files = (
				46858C21B9A50C1669C04E51 /* Pods_newUmbrella.framework in Frameworks */,
				CD7427D925CC9FAA0046B395 /* newSubframework.framework in Frameworks */,
			);
			runOnlyForDeploymentPostprocessing = 0;
		};
/* End PBXFrameworksBuildPhase section */

/* Begin PBXGroup section */
		0CCC228997D7333277D19BBB /* Frameworks */ = {
			isa = PBXGroup;
			children = (
				BC370B7B6E877C90DDE79097 /* Pods_newUmbrella.framework */,
			);
			name = Frameworks;
			sourceTree = "<group>";
		};
		554277D6BD29ECAB79B1667A /* Pods */ = {
			isa = PBXGroup;
			children = (
				521D05CCDDDA1C57A80C7FE4 /* Pods-newUmbrella.debug.xcconfig */,
				D595E03CD30922682A0E746A /* Pods-newUmbrella.release.xcconfig */,
			);
			path = Pods;
			sourceTree = "<group>";
		};
		CD7427A325CC9AA40046B395 = {
			isa = PBXGroup;
			children = (
				CD7427CB25CC9C5C0046B395 /* Sources */,
				CD7427AF25CC9AA40046B395 /* newUmbrella */,
				CD7427AE25CC9AA40046B395 /* Products */,
				554277D6BD29ECAB79B1667A /* Pods */,
				0CCC228997D7333277D19BBB /* Frameworks */,
			);
			sourceTree = "<group>";
		};
		CD7427AE25CC9AA40046B395 /* Products */ = {
			isa = PBXGroup;
			children = (
				CD7427AD25CC9AA40046B395 /* newUmbrella.framework */,
			);
			name = Products;
			sourceTree = "<group>";
		};
		CD7427AF25CC9AA40046B395 /* newUmbrella */ = {
			isa = PBXGroup;
			children = (
				CD7427D825CC9FAA0046B395 /* newSubframework.framework */,
				CD7427B025CC9AA40046B395 /* newUmbrella.h */,
				CD7427B125CC9AA40046B395 /* Info.plist */,
			);
			path = newUmbrella;
			sourceTree = "<group>";
		};
		CD7427CB25CC9C5C0046B395 /* Sources */ = {
			isa = PBXGroup;
			children = (
				CD7427CD25CC9C9A0046B395 /* Assets */,
				CD7427CC25CC9C950046B395 /* Classes */,
			);
			path = Sources;
			sourceTree = "<group>";
		};
		CD7427CC25CC9C950046B395 /* Classes */ = {
			isa = PBXGroup;
			children = (
				CD7427CE25CC9CA60046B395 /* HelloUmbrella.swift */,
			);
			path = Classes;
			sourceTree = "<group>";
		};
		CD7427CD25CC9C9A0046B395 /* Assets */ = {
			isa = PBXGroup;
			children = (
			);
			path = Assets;
			sourceTree = "<group>";
		};
/* End PBXGroup section */

/* Begin PBXHeadersBuildPhase section */
		CD7427A825CC9AA40046B395 /* Headers */ = {
			isa = PBXHeadersBuildPhase;
			buildActionMask = 2147483647;
			files = (
				CD7427B225CC9AA40046B395 /* newUmbrella.h in Headers */,
			);
			runOnlyForDeploymentPostprocessing = 0;
		};
/* End PBXHeadersBuildPhase section */

/* Begin PBXNativeTarget section */
		CD7427AC25CC9AA40046B395 /* newUmbrella */ = {
			isa = PBXNativeTarget;
			buildConfigurationList = CD7427B525CC9AA40046B395 /* Build configuration list for PBXNativeTarget "newUmbrella" */;
			buildPhases = (
				4F96DDF0F49412F4F865DB40 /* [CP] Check Pods Manifest.lock */,
				CD7427A825CC9AA40046B395 /* Headers */,
				CD7427A925CC9AA40046B395 /* Sources */,
				CD7427AA25CC9AA40046B395 /* Frameworks */,
				CD7427AB25CC9AA40046B395 /* Resources */,
				CD7427DB25CC9FB40046B395 /* CopyFiles */,
			);
			buildRules = (
			);
			dependencies = (
			);
			name = newUmbrella;
			productName = newUmbrella;
			productReference = CD7427AD25CC9AA40046B395 /* newUmbrella.framework */;
			productType = "com.apple.product-type.framework";
		};
/* End PBXNativeTarget section */

/* Begin PBXProject section */
		CD7427A425CC9AA40046B395 /* Project object */ = {
			isa = PBXProject;
			attributes = {
				LastUpgradeCheck = 1230;
				TargetAttributes = {
					CD7427AC25CC9AA40046B395 = {
						CreatedOnToolsVersion = 12.3;
						LastSwiftMigration = 1230;
					};
					CD7427B925CC9AB50046B395 = {
						CreatedOnToolsVersion = 12.3;
					};
				};
			};
			buildConfigurationList = CD7427A725CC9AA40046B395 /* Build configuration list for PBXProject "newUmbrella" */;
			compatibilityVersion = "Xcode 9.3";
			developmentRegion = en;
			hasScannedForEncodings = 0;
			knownRegions = (
				en,
				Base,
			);
			mainGroup = CD7427A325CC9AA40046B395;
			productRefGroup = CD7427AE25CC9AA40046B395 /* Products */;
			projectDirPath = "";
			projectRoot = "";
			targets = (
				CD7427AC25CC9AA40046B395 /* newUmbrella */,
				CD7427B925CC9AB50046B395 /* Aggregate */,
			);
		};
/* End PBXProject section */

/* Begin PBXResourcesBuildPhase section */
		CD7427AB25CC9AA40046B395 /* Resources */ = {
			isa = PBXResourcesBuildPhase;
			buildActionMask = 2147483647;
			files = (
				CD7427DA25CC9FB00046B395 /* newSubframework.framework in Resources */,
			);
			runOnlyForDeploymentPostprocessing = 0;
		};
/* End PBXResourcesBuildPhase section */

/* Begin PBXShellScriptBuildPhase section */
		4F96DDF0F49412F4F865DB40 /* [CP] Check Pods Manifest.lock */ = {
			isa = PBXShellScriptBuildPhase;
			buildActionMask = 2147483647;
			files = (
			);
			inputFileListPaths = (
			);
			inputPaths = (
				"${PODS_PODFILE_DIR_PATH}/Podfile.lock",
				"${PODS_ROOT}/Manifest.lock",
			);
			name = "[CP] Check Pods Manifest.lock";
			outputFileListPaths = (
			);
			outputPaths = (
				"$(DERIVED_FILE_DIR)/Pods-newUmbrella-checkManifestLockResult.txt",
			);
			runOnlyForDeploymentPostprocessing = 0;
			shellPath = /bin/sh;
			shellScript = "diff \"${PODS_PODFILE_DIR_PATH}/Podfile.lock\" \"${PODS_ROOT}/Manifest.lock\" > /dev/null\nif [ $? != 0 ] ; then\n    # print error to STDERR\n    echo \"error: The sandbox is not in sync with the Podfile.lock. Run 'pod install' or update your CocoaPods installation.\" >&2\n    exit 1\nfi\n# This output is used by Xcode 'outputs' to avoid re-running this script phase.\necho \"SUCCESS\" > \"${SCRIPT_OUTPUT_FILE_0}\"\n";
			showEnvVarsInLog = 0;
		};
		CD7427C625CC9B2F0046B395 /* ShellScript */ = {
			isa = PBXShellScriptBuildPhase;
			buildActionMask = 2147483647;
			files = (
			);
			inputFileListPaths = (
			);
			inputPaths = (
			);
			outputFileListPaths = (
			);
			outputPaths = (
			);
			runOnlyForDeploymentPostprocessing = 0;
			shellPath = /bin/sh;
			shellScript = "#!/bin/sh\nUNIVERSAL_OUTPUTFOLDER=${BUILD_DIR}/${CONFIGURATION}-universal\n\nOUTPUT_FOLDER=${PROJECT_DIR}/newUmbrella\n\nfor V in ${BUILD_VARIANTS}; do\n    for A in ${ARCHS}; do\n        unset SWIFT_RESPONSE_FILE_PATH_${V}_${A}\n    done\ndone\n\n# make sure the output directory exists\nmkdir -p \"${UNIVERSAL_OUTPUTFOLDER}\"\n# Step 1. Build Device and Simulator versions. This also include the b\n\n\nxcodebuild BITCODE_GENERATION_MODE=bitcode OTHER_CFLAGS=\"-fembed-bitcode\" -workspace ${PROJECT_NAME}.xcworkspace -scheme ${PROJECT_NAME} ONLY_ACTIVE_ARCH=NO -configuration ${CONFIGURATION} -sdk iphoneos BUILD_DIR=\"${BUILD_DIR}\" BUILD_ROOT=\"${BUILD_ROOT}\" -UseModernBuildSystem=NO clean build\n\nxcodebuild BITCODE_GENERATION_MODE=bitcode OTHER_CFLAGS=\"-fembed-bitcode\" -workspace ${PROJECT_NAME}.xcworkspace -scheme ${PROJECT_NAME} ONLY_ACTIVE_ARCH=NO -configuration ${CONFIGURATION} -sdk iphonesimulator BUILD_DIR=\"${BUILD_DIR}\" BUILD_ROOT=\"${BUILD_ROOT}\" -UseModernBuildSystem=NO clean build\n\n\n# Step 2. Copy the framework structure (from iphoneos build) to the universal folder\ncp -R \"${BUILD_DIR}/${CONFIGURATION}-iphoneos/${PROJECT_NAME}.framework\" \"${UNIVERSAL_OUTPUTFOLDER}/\"\n# Step 3. Copy Swift modules (from iphonesimulator build) to the copied framework directory\ncp -R \"${BUILD_DIR}/${CONFIGURATION}-iphonesimulator/${PROJECT_NAME}.framework/Modules/${PROJECT_NAME}.swiftmodule/.\" \"${UNIVERSAL_OUTPUTFOLDER}/${PROJECT_NAME}.framework/Modules/${PROJECT_NAME}.swiftmodule\"\n# Step 4. Create universal binary file using lipo and place the combined executable in the copied framework directory\nlipo -create -output \"${UNIVERSAL_OUTPUTFOLDER}/${PROJECT_NAME}.framework/${PROJECT_NAME}\" \"${BUILD_DIR}/${CONFIGURATION}-iphonesimulator/${PROJECT_NAME}.framework/${PROJECT_NAME}\" \"${BUILD_DIR}/${CONFIGURATION}-iphoneos/${PROJECT_NAME}.framework/${PROJECT_NAME}\"\n# Step 5. Convenience step to copy the framework to the project's directory\ncp -R \"${UNIVERSAL_OUTPUTFOLDER}/${PROJECT_NAME}.framework\" \"${OUTPUT_FOLDER}\"\n# Step 6. Convenience step to open the project's directory in Finder\nopen \"${OUTPUT_FOLDER}\"\n";
		};
/* End PBXShellScriptBuildPhase section */

/* Begin PBXSourcesBuildPhase section */
		CD7427A925CC9AA40046B395 /* Sources */ = {
			isa = PBXSourcesBuildPhase;
			buildActionMask = 2147483647;
			files = (
				CD7427CF25CC9CA60046B395 /* HelloUmbrella.swift in Sources */,
			);
			runOnlyForDeploymentPostprocessing = 0;
		};
/* End PBXSourcesBuildPhase section */

/* Begin XCBuildConfiguration section */
		CD7427B325CC9AA40046B395 /* Debug */ = {
			isa = XCBuildConfiguration;
			buildSettings = {
				ALWAYS_SEARCH_USER_PATHS = NO;
				CLANG_ANALYZER_NONNULL = YES;
				CLANG_ANALYZER_NUMBER_OBJECT_CONVERSION = YES_AGGRESSIVE;
				CLANG_CXX_LANGUAGE_STANDARD = "gnu++14";
				CLANG_CXX_LIBRARY = "libc++";
				CLANG_ENABLE_MODULES = YES;
				CLANG_ENABLE_OBJC_ARC = YES;
				CLANG_ENABLE_OBJC_WEAK = YES;
				CLANG_WARN_BLOCK_CAPTURE_AUTORELEASING = YES;
				CLANG_WARN_BOOL_CONVERSION = YES;
				CLANG_WARN_COMMA = YES;
				CLANG_WARN_CONSTANT_CONVERSION = YES;
				CLANG_WARN_DEPRECATED_OBJC_IMPLEMENTATIONS = YES;
				CLANG_WARN_DIRECT_OBJC_ISA_USAGE = YES_ERROR;
				CLANG_WARN_DOCUMENTATION_COMMENTS = YES;
				CLANG_WARN_EMPTY_BODY = YES;
				CLANG_WARN_ENUM_CONVERSION = YES;
				CLANG_WARN_INFINITE_RECURSION = YES;
				CLANG_WARN_INT_CONVERSION = YES;
				CLANG_WARN_NON_LITERAL_NULL_CONVERSION = YES;
				CLANG_WARN_OBJC_IMPLICIT_RETAIN_SELF = YES;
				CLANG_WARN_OBJC_LITERAL_CONVERSION = YES;
				CLANG_WARN_OBJC_ROOT_CLASS = YES_ERROR;
				CLANG_WARN_QUOTED_INCLUDE_IN_FRAMEWORK_HEADER = YES;
				CLANG_WARN_RANGE_LOOP_ANALYSIS = YES;
				CLANG_WARN_STRICT_PROTOTYPES = YES;
				CLANG_WARN_SUSPICIOUS_MOVE = YES;
				CLANG_WARN_UNGUARDED_AVAILABILITY = YES_AGGRESSIVE;
				CLANG_WARN_UNREACHABLE_CODE = YES;
				CLANG_WARN__DUPLICATE_METHOD_MATCH = YES;
				COPY_PHASE_STRIP = NO;
				CURRENT_PROJECT_VERSION = 1;
				DEBUG_INFORMATION_FORMAT = dwarf;
				ENABLE_STRICT_OBJC_MSGSEND = YES;
				ENABLE_TESTABILITY = YES;
				GCC_C_LANGUAGE_STANDARD = gnu11;
				GCC_DYNAMIC_NO_PIC = NO;
				GCC_NO_COMMON_BLOCKS = YES;
				GCC_OPTIMIZATION_LEVEL = 0;
				GCC_PREPROCESSOR_DEFINITIONS = (
					"DEBUG=1",
					"$(inherited)",
				);
				GCC_WARN_64_TO_32_BIT_CONVERSION = YES;
				GCC_WARN_ABOUT_RETURN_TYPE = YES_ERROR;
				GCC_WARN_UNDECLARED_SELECTOR = YES;
				GCC_WARN_UNINITIALIZED_AUTOS = YES_AGGRESSIVE;
				GCC_WARN_UNUSED_FUNCTION = YES;
				GCC_WARN_UNUSED_VARIABLE = YES;
				IPHONEOS_DEPLOYMENT_TARGET = 14.3;
				MTL_ENABLE_DEBUG_INFO = INCLUDE_SOURCE;
				MTL_FAST_MATH = YES;
				ONLY_ACTIVE_ARCH = YES;
				SDKROOT = iphoneos;
				SWIFT_ACTIVE_COMPILATION_CONDITIONS = DEBUG;
				SWIFT_OPTIMIZATION_LEVEL = "-Onone";
				VERSIONING_SYSTEM = "apple-generic";
				VERSION_INFO_PREFIX = "";
			};
			name = Debug;
		};
		CD7427B425CC9AA40046B395 /* Release */ = {
			isa = XCBuildConfiguration;
			buildSettings = {
				ALWAYS_SEARCH_USER_PATHS = NO;
				CLANG_ANALYZER_NONNULL = YES;
				CLANG_ANALYZER_NUMBER_OBJECT_CONVERSION = YES_AGGRESSIVE;
				CLANG_CXX_LANGUAGE_STANDARD = "gnu++14";
				CLANG_CXX_LIBRARY = "libc++";
				CLANG_ENABLE_MODULES = YES;
				CLANG_ENABLE_OBJC_ARC = YES;
				CLANG_ENABLE_OBJC_WEAK = YES;
				CLANG_WARN_BLOCK_CAPTURE_AUTORELEASING = YES;
				CLANG_WARN_BOOL_CONVERSION = YES;
				CLANG_WARN_COMMA = YES;
				CLANG_WARN_CONSTANT_CONVERSION = YES;
				CLANG_WARN_DEPRECATED_OBJC_IMPLEMENTATIONS = YES;
				CLANG_WARN_DIRECT_OBJC_ISA_USAGE = YES_ERROR;
				CLANG_WARN_DOCUMENTATION_COMMENTS = YES;
				CLANG_WARN_EMPTY_BODY = YES;
				CLANG_WARN_ENUM_CONVERSION = YES;
				CLANG_WARN_INFINITE_RECURSION = YES;
				CLANG_WARN_INT_CONVERSION = YES;
				CLANG_WARN_NON_LITERAL_NULL_CONVERSION = YES;
				CLANG_WARN_OBJC_IMPLICIT_RETAIN_SELF = YES;
				CLANG_WARN_OBJC_LITERAL_CONVERSION = YES;
				CLANG_WARN_OBJC_ROOT_CLASS = YES_ERROR;
				CLANG_WARN_QUOTED_INCLUDE_IN_FRAMEWORK_HEADER = YES;
				CLANG_WARN_RANGE_LOOP_ANALYSIS = YES;
				CLANG_WARN_STRICT_PROTOTYPES = YES;
				CLANG_WARN_SUSPICIOUS_MOVE = YES;
				CLANG_WARN_UNGUARDED_AVAILABILITY = YES_AGGRESSIVE;
				CLANG_WARN_UNREACHABLE_CODE = YES;
				CLANG_WARN__DUPLICATE_METHOD_MATCH = YES;
				COPY_PHASE_STRIP = NO;
				CURRENT_PROJECT_VERSION = 1;
				DEBUG_INFORMATION_FORMAT = "dwarf-with-dsym";
				ENABLE_NS_ASSERTIONS = NO;
				ENABLE_STRICT_OBJC_MSGSEND = YES;
				GCC_C_LANGUAGE_STANDARD = gnu11;
				GCC_NO_COMMON_BLOCKS = YES;
				GCC_WARN_64_TO_32_BIT_CONVERSION = YES;
				GCC_WARN_ABOUT_RETURN_TYPE = YES_ERROR;
				GCC_WARN_UNDECLARED_SELECTOR = YES;
				GCC_WARN_UNINITIALIZED_AUTOS = YES_AGGRESSIVE;
				GCC_WARN_UNUSED_FUNCTION = YES;
				GCC_WARN_UNUSED_VARIABLE = YES;
				IPHONEOS_DEPLOYMENT_TARGET = 14.3;
				MTL_ENABLE_DEBUG_INFO = NO;
				MTL_FAST_MATH = YES;
				SDKROOT = iphoneos;
				SWIFT_COMPILATION_MODE = wholemodule;
				SWIFT_OPTIMIZATION_LEVEL = "-O";
				VALIDATE_PRODUCT = YES;
				VERSIONING_SYSTEM = "apple-generic";
				VERSION_INFO_PREFIX = "";
			};
			name = Release;
		};
		CD7427B625CC9AA40046B395 /* Debug */ = {
			isa = XCBuildConfiguration;
			baseConfigurationReference = 521D05CCDDDA1C57A80C7FE4 /* Pods-newUmbrella.debug.xcconfig */;
			buildSettings = {
				CLANG_ENABLE_MODULES = YES;
				CODE_SIGN_STYLE = Automatic;
				DEFINES_MODULE = YES;
				DEVELOPMENT_TEAM = 3JUJ5TAF49;
				DYLIB_COMPATIBILITY_VERSION = 1;
				DYLIB_CURRENT_VERSION = 1;
				DYLIB_INSTALL_NAME_BASE = "@rpath";
				FRAMEWORK_SEARCH_PATHS = (
					"$(inherited)",
					"$(PROJECT_DIR)/newUmbrella",
				);
				INFOPLIST_FILE = newUmbrella/Info.plist;
				INSTALL_PATH = "$(LOCAL_LIBRARY_DIR)/Frameworks";
				LD_RUNPATH_SEARCH_PATHS = (
					"$(inherited)",
					"@executable_path/Frameworks",
					"@loader_path/Frameworks",
				);
				PRODUCT_BUNDLE_IDENTIFIER = amirriyadh.newUmbrella;
				PRODUCT_NAME = "$(TARGET_NAME:c99extidentifier)";
				SKIP_INSTALL = YES;
				SWIFT_OPTIMIZATION_LEVEL = "-Onone";
				SWIFT_VERSION = 5.0;
				TARGETED_DEVICE_FAMILY = "1,2";
			};
			name = Debug;
		};
		CD7427B725CC9AA40046B395 /* Release */ = {
			isa = XCBuildConfiguration;
			baseConfigurationReference = D595E03CD30922682A0E746A /* Pods-newUmbrella.release.xcconfig */;
			buildSettings = {
				CLANG_ENABLE_MODULES = YES;
				CODE_SIGN_STYLE = Automatic;
				DEFINES_MODULE = YES;
				DEVELOPMENT_TEAM = 3JUJ5TAF49;
				DYLIB_COMPATIBILITY_VERSION = 1;
				DYLIB_CURRENT_VERSION = 1;
				DYLIB_INSTALL_NAME_BASE = "@rpath";
				FRAMEWORK_SEARCH_PATHS = (
					"$(inherited)",
					"$(PROJECT_DIR)/newUmbrella",
				);
				INFOPLIST_FILE = newUmbrella/Info.plist;
				INSTALL_PATH = "$(LOCAL_LIBRARY_DIR)/Frameworks";
				LD_RUNPATH_SEARCH_PATHS = (
					"$(inherited)",
					"@executable_path/Frameworks",
					"@loader_path/Frameworks",
				);
				PRODUCT_BUNDLE_IDENTIFIER = amirriyadh.newUmbrella;
				PRODUCT_NAME = "$(TARGET_NAME:c99extidentifier)";
				SKIP_INSTALL = YES;
				SWIFT_VERSION = 5.0;
				TARGETED_DEVICE_FAMILY = "1,2";
			};
			name = Release;
		};
		CD7427BB25CC9AB50046B395 /* Debug */ = {
			isa = XCBuildConfiguration;
			buildSettings = {
				CODE_SIGN_STYLE = Automatic;
				DEVELOPMENT_TEAM = 3JUJ5TAF49;
				OTHER_CFLAGS = "-fembed-bitcode";
				PRODUCT_NAME = "$(TARGET_NAME)";
			};
			name = Debug;
		};
		CD7427BC25CC9AB50046B395 /* Release */ = {
			isa = XCBuildConfiguration;
			buildSettings = {
				CODE_SIGN_STYLE = Automatic;
				DEVELOPMENT_TEAM = 3JUJ5TAF49;
				OTHER_CFLAGS = "-fembed-bitcode";
				PRODUCT_NAME = "$(TARGET_NAME)";
			};
			name = Release;
		};
/* End XCBuildConfiguration section */

/* Begin XCConfigurationList section */
		CD7427A725CC9AA40046B395 /* Build configuration list for PBXProject "newUmbrella" */ = {
			isa = XCConfigurationList;
			buildConfigurations = (
				CD7427B325CC9AA40046B395 /* Debug */,
				CD7427B425CC9AA40046B395 /* Release */,
			);
			defaultConfigurationIsVisible = 0;
			defaultConfigurationName = Release;
		};
		CD7427B525CC9AA40046B395 /* Build configuration list for PBXNativeTarget "newUmbrella" */ = {
			isa = XCConfigurationList;
			buildConfigurations = (
				CD7427B625CC9AA40046B395 /* Debug */,
				CD7427B725CC9AA40046B395 /* Release */,
			);
			defaultConfigurationIsVisible = 0;
			defaultConfigurationName = Release;
		};
		CD7427BA25CC9AB50046B395 /* Build configuration list for PBXAggregateTarget "Aggregate" */ = {
			isa = XCConfigurationList;
			buildConfigurations = (
				CD7427BB25CC9AB50046B395 /* Debug */,
				CD7427BC25CC9AB50046B395 /* Release */,
			);
			defaultConfigurationIsVisible = 0;
			defaultConfigurationName = Release;
		};
/* End XCConfigurationList section */
	};
	rootObject = CD7427A425CC9AA40046B395 /* Project object */;
}
